
Microsoft Visual Studio Solution File, Format Version 12.00
# Visual Studio Version 16
VisualStudioVersion = 16.0.31129.286
MinimumVisualStudioVersion = 10.0.40219.1
Project("{FAE04EC0-301F-11D3-BF4B-00C04F79EFBC}") = "my-books", "my-books\my-books.csproj", "{9436CFF6-8FC4-4FDE-ADAE-349AAA426531}"
EndProject
Global
	GlobalSection(SolutionConfigurationPlatforms) = preSolution
		Debug|Any CPU = Debug|Any CPU
		Release|Any CPU = Release|Any CPU
	EndGlobalSection
	GlobalSection(ProjectConfigurationPlatforms) = postSolution
		{9436CFF6-8FC4-4FDE-ADAE-349AAA426531}.Debug|Any CPU.ActiveCfg = Debug|Any CPU
		{9436CFF6-8FC4-4FDE-ADAE-349AAA426531}.Debug|Any CPU.Build.0 = Debug|Any CPU
		{9436CFF6-8FC4-4FDE-ADAE-349AAA426531}.Release|Any CPU.ActiveCfg = Release|Any CPU
		{9436CFF6-8FC4-4FDE-ADAE-349AAA426531}.Release|Any CPU.Build.0 = Release|Any CPU
	EndGlobalSection
	GlobalSection(SolutionProperties) = preSolution
		HideSolutionNode = FALSE
	EndGlobalSection
	GlobalSection(ExtensibilityGlobals) = postSolution
		SolutionGuid = {CDE7F833-98DF-4C04-B9C4-8D8E96399F39}
	EndGlobalSection
EndGlobal
